
Microsoft Visual Studio Solution File, Format Version 12.00
# Visual Studio Version 17
VisualStudioVersion = 17.7.33913.275
MinimumVisualStudioVersion = 10.0.40219.1
Project("{FAE04EC0-301F-11D3-BF4B-00C04F79EFBC}") = "QLang", "QLang.csproj", "{519D7EFD-5544-4663-884D-001D06F4134C}"
EndProject
Global
	GlobalSection(SolutionConfigurationPlatforms) = preSolution
		Debug|Any CPU = Debug|Any CPU
		Release|Any CPU = Release|Any CPU
	EndGlobalSection
	GlobalSection(ProjectConfigurationPlatforms) = postSolution
		{519D7EFD-5544-4663-884D-001D06F4134C}.Debug|Any CPU.ActiveCfg = Debug|Any CPU
		{519D7EFD-5544-4663-884D-001D06F4134C}.Debug|Any CPU.Build.0 = Debug|Any CPU
		{519D7EFD-5544-4663-884D-001D06F4134C}.Release|Any CPU.ActiveCfg = Release|Any CPU
		{519D7EFD-5544-4663-884D-001D06F4134C}.Release|Any CPU.Build.0 = Release|Any CPU
	EndGlobalSection
	GlobalSection(SolutionProperties) = preSolution
		HideSolutionNode = FALSE
	EndGlobalSection
	GlobalSection(ExtensibilityGlobals) = postSolution
		SolutionGuid = {E5A7E984-687A-46BC-BC66-121E877E42C9}
	EndGlobalSection
EndGlobal
